
Microsoft Visual Studio Solution File, Format Version 12.00
# Visual Studio Version 17
VisualStudioVersion = 17.11.35327.3
MinimumVisualStudioVersion = 10.0.40219.1
Project("{FAE04EC0-301F-11D3-BF4B-00C04F79EFBC}") = "BankAccountSystem", "BankAccountSystem.csproj", "{C111A236-E749-42FE-9D83-28DEA10F238B}"
EndProject
Global
	GlobalSection(SolutionConfigurationPlatforms) = preSolution
		Debug|Any CPU = Debug|Any CPU
		Release|Any CPU = Release|Any CPU
	EndGlobalSection
	GlobalSection(ProjectConfigurationPlatforms) = postSolution
		{C111A236-E749-42FE-9D83-28DEA10F238B}.Debug|Any CPU.ActiveCfg = Debug|Any CPU
		{C111A236-E749-42FE-9D83-28DEA10F238B}.Debug|Any CPU.Build.0 = Debug|Any CPU
		{C111A236-E749-42FE-9D83-28DEA10F238B}.Release|Any CPU.ActiveCfg = Release|Any CPU
		{C111A236-E749-42FE-9D83-28DEA10F238B}.Release|Any CPU.Build.0 = Release|Any CPU
	EndGlobalSection
	GlobalSection(SolutionProperties) = preSolution
		HideSolutionNode = FALSE
	EndGlobalSection
	GlobalSection(ExtensibilityGlobals) = postSolution
		SolutionGuid = {9B4E6B8D-EAB6-4EA0-9DB4-A76745E6498D}
	EndGlobalSection
EndGlobal
